
Microsoft Visual Studio Solution File, Format Version 12.00
# Visual Studio Version 16
VisualStudioVersion = 16.0.31729.503
MinimumVisualStudioVersion = 10.0.40219.1
Project("{FAE04EC0-301F-11D3-BF4B-00C04F79EFBC}") = "ukol2_metody", "ukol2_metody\ukol2_metody.csproj", "{F9E23D8B-699C-4661-A377-FEE433F37A67}"
EndProject
Global
	GlobalSection(SolutionConfigurationPlatforms) = preSolution
		Debug|Any CPU = Debug|Any CPU
		Release|Any CPU = Release|Any CPU
	EndGlobalSection
	GlobalSection(ProjectConfigurationPlatforms) = postSolution
		{F9E23D8B-699C-4661-A377-FEE433F37A67}.Debug|Any CPU.ActiveCfg = Debug|Any CPU
		{F9E23D8B-699C-4661-A377-FEE433F37A67}.Debug|Any CPU.Build.0 = Debug|Any CPU
		{F9E23D8B-699C-4661-A377-FEE433F37A67}.Release|Any CPU.ActiveCfg = Release|Any CPU
		{F9E23D8B-699C-4661-A377-FEE433F37A67}.Release|Any CPU.Build.0 = Release|Any CPU
	EndGlobalSection
	GlobalSection(SolutionProperties) = preSolution
		HideSolutionNode = FALSE
	EndGlobalSection
	GlobalSection(ExtensibilityGlobals) = postSolution
		SolutionGuid = {62C78779-ADFE-4BA2-93FA-E1F971B557EF}
	EndGlobalSection
EndGlobal
